
Microsoft Visual Studio Solution File, Format Version 11.00
# Visual Studio 2010
Project("{FAE04EC0-301F-11D3-BF4B-00C04F79EFBC}") = "Assembly-CSharp", "Assembly-CSharp.csproj", "{63F3845C-9830-0457-158B-7504F7B4BE45}"
EndProject
Project("{FAE04EC0-301F-11D3-BF4B-00C04F79EFBC}") = "Assembly-CSharp-Editor", "Assembly-CSharp-Editor.csproj", "{77E88F03-11DB-1220-34C0-E7A01501A36E}"
EndProject
Global
	GlobalSection(SolutionConfigurationPlatforms) = preSolution
		Debug|Any CPU = Debug|Any CPU
		Release|Any CPU = Release|Any CPU
	EndGlobalSection
	GlobalSection(ProjectConfigurationPlatforms) = postSolution
		{63F3845C-9830-0457-158B-7504F7B4BE45}.Debug|Any CPU.ActiveCfg = Debug|Any CPU
		{63F3845C-9830-0457-158B-7504F7B4BE45}.Debug|Any CPU.Build.0 = Debug|Any CPU
		{63F3845C-9830-0457-158B-7504F7B4BE45}.Release|Any CPU.ActiveCfg = Release|Any CPU
		{63F3845C-9830-0457-158B-7504F7B4BE45}.Release|Any CPU.Build.0 = Release|Any CPU
		{77E88F03-11DB-1220-34C0-E7A01501A36E}.Debug|Any CPU.ActiveCfg = Debug|Any CPU
		{77E88F03-11DB-1220-34C0-E7A01501A36E}.Debug|Any CPU.Build.0 = Debug|Any CPU
		{77E88F03-11DB-1220-34C0-E7A01501A36E}.Release|Any CPU.ActiveCfg = Release|Any CPU
		{77E88F03-11DB-1220-34C0-E7A01501A36E}.Release|Any CPU.Build.0 = Release|Any CPU
	EndGlobalSection
	GlobalSection(SolutionProperties) = preSolution
		HideSolutionNode = FALSE
	EndGlobalSection
	GlobalSection(MonoDevelopProperties) = preSolution
		StartupItem = Assembly-CSharp.csproj
	EndGlobalSection
EndGlobal
